
Microsoft Visual Studio Solution File, Format Version 12.00
# Visual Studio Version 17
VisualStudioVersion = 17.10.34928.147
MinimumVisualStudioVersion = 10.0.40219.1
Project("{9A19103F-16F7-4668-BE54-9A1E7A4F7556}") = "ejpservice.Api", "ejpservice.Api\ejpservice.Api.csproj", "{F683FD65-6129-4A78-BD5F-277D3F5E843C}"
EndProject
Project("{9A19103F-16F7-4668-BE54-9A1E7A4F7556}") = "ejpservice.Domain", "ejpservice.Core\ejpservice.Domain.csproj", "{C53F785E-63D8-4B4A-82FF-1EA1E70D5B5B}"
EndProject
Project("{9A19103F-16F7-4668-BE54-9A1E7A4F7556}") = "ejpservice.Infrastructure", "ejpservice.Infrastructure\ejpservice.Infrastructure.csproj", "{54217EED-91FF-44BB-AA39-49340F9E40E5}"
EndProject
Project("{2150E333-8FDC-42A3-9474-1A3956D46DE8}") = "Tests", "Tests", "{0728D29F-3A28-423A-9508-1CF415D28234}"
EndProject
Project("{9A19103F-16F7-4668-BE54-9A1E7A4F7556}") = "ejpservice.UnitTests", "ejpservice.UnitTests\ejpservice.UnitTests.csproj", "{0EC62123-D33D-426F-900C-83F44F22322D}"
EndProject
Project("{9A19103F-16F7-4668-BE54-9A1E7A4F7556}") = "ejpservice.IntegrationTests", "ejpservice.IntegrationTests\ejpservice.IntegrationTests.csproj", "{C46C2B60-B1FB-4EE0-BCCC-396E3B003E56}"
EndProject
Project("{9A19103F-16F7-4668-BE54-9A1E7A4F7556}") = "ejpservice.IOC", "ejpservice.IOC\ejpservice.IOC.csproj", "{3B05D14F-99CD-44B7-B4FE-8D001E1F7B62}"
EndProject
Project("{E24C65DC-7377-472B-9ABA-BC803B73C61A}") = "ejpservice.WEB", "ejpservice.WEB\", "{3DAE246F-9106-4720-86B0-0DE70C2A77AD}"
	ProjectSection(WebsiteProperties) = preProject
		TargetFrameworkMoniker = ".NETFramework,Version%3Dv4.8.1"
		Debug.AspNetCompiler.VirtualPath = "/localhost_53680"
		Debug.AspNetCompiler.PhysicalPath = "ejpservice.WEB\"
		Debug.AspNetCompiler.TargetPath = "PrecompiledWeb\localhost_53680\"
		Debug.AspNetCompiler.Updateable = "true"
		Debug.AspNetCompiler.ForceOverwrite = "true"
		Debug.AspNetCompiler.FixedNames = "false"
		Debug.AspNetCompiler.Debug = "True"
		Release.AspNetCompiler.VirtualPath = "/localhost_53680"
		Release.AspNetCompiler.PhysicalPath = "ejpservice.WEB\"
		Release.AspNetCompiler.TargetPath = "PrecompiledWeb\localhost_53680\"
		Release.AspNetCompiler.Updateable = "true"
		Release.AspNetCompiler.ForceOverwrite = "true"
		Release.AspNetCompiler.FixedNames = "false"
		Release.AspNetCompiler.Debug = "False"
		VWDPort = "53680"
		SlnRelativePath = "ejpservice.WEB\"
	EndProjectSection
EndProject
Global
	GlobalSection(SolutionConfigurationPlatforms) = preSolution
		Debug|Any CPU = Debug|Any CPU
		Release|Any CPU = Release|Any CPU
	EndGlobalSection
	GlobalSection(ProjectConfigurationPlatforms) = postSolution
		{F683FD65-6129-4A78-BD5F-277D3F5E843C}.Debug|Any CPU.ActiveCfg = Debug|Any CPU
		{F683FD65-6129-4A78-BD5F-277D3F5E843C}.Debug|Any CPU.Build.0 = Debug|Any CPU
		{F683FD65-6129-4A78-BD5F-277D3F5E843C}.Release|Any CPU.ActiveCfg = Release|Any CPU
		{F683FD65-6129-4A78-BD5F-277D3F5E843C}.Release|Any CPU.Build.0 = Release|Any CPU
		{C53F785E-63D8-4B4A-82FF-1EA1E70D5B5B}.Debug|Any CPU.ActiveCfg = Debug|Any CPU
		{C53F785E-63D8-4B4A-82FF-1EA1E70D5B5B}.Debug|Any CPU.Build.0 = Debug|Any CPU
		{C53F785E-63D8-4B4A-82FF-1EA1E70D5B5B}.Release|Any CPU.ActiveCfg = Release|Any CPU
		{C53F785E-63D8-4B4A-82FF-1EA1E70D5B5B}.Release|Any CPU.Build.0 = Release|Any CPU
		{54217EED-91FF-44BB-AA39-49340F9E40E5}.Debug|Any CPU.ActiveCfg = Debug|Any CPU
		{54217EED-91FF-44BB-AA39-49340F9E40E5}.Debug|Any CPU.Build.0 = Debug|Any CPU
		{54217EED-91FF-44BB-AA39-49340F9E40E5}.Release|Any CPU.ActiveCfg = Release|Any CPU
		{54217EED-91FF-44BB-AA39-49340F9E40E5}.Release|Any CPU.Build.0 = Release|Any CPU
		{0EC62123-D33D-426F-900C-83F44F22322D}.Debug|Any CPU.ActiveCfg = Debug|Any CPU
		{0EC62123-D33D-426F-900C-83F44F22322D}.Debug|Any CPU.Build.0 = Debug|Any CPU
		{0EC62123-D33D-426F-900C-83F44F22322D}.Release|Any CPU.ActiveCfg = Release|Any CPU
		{0EC62123-D33D-426F-900C-83F44F22322D}.Release|Any CPU.Build.0 = Release|Any CPU
		{C46C2B60-B1FB-4EE0-BCCC-396E3B003E56}.Debug|Any CPU.ActiveCfg = Debug|Any CPU
		{C46C2B60-B1FB-4EE0-BCCC-396E3B003E56}.Debug|Any CPU.Build.0 = Debug|Any CPU
		{C46C2B60-B1FB-4EE0-BCCC-396E3B003E56}.Release|Any CPU.ActiveCfg = Release|Any CPU
		{C46C2B60-B1FB-4EE0-BCCC-396E3B003E56}.Release|Any CPU.Build.0 = Release|Any CPU
		{3B05D14F-99CD-44B7-B4FE-8D001E1F7B62}.Debug|Any CPU.ActiveCfg = Debug|Any CPU
		{3B05D14F-99CD-44B7-B4FE-8D001E1F7B62}.Debug|Any CPU.Build.0 = Debug|Any CPU
		{3B05D14F-99CD-44B7-B4FE-8D001E1F7B62}.Release|Any CPU.ActiveCfg = Release|Any CPU
		{3B05D14F-99CD-44B7-B4FE-8D001E1F7B62}.Release|Any CPU.Build.0 = Release|Any CPU
		{3DAE246F-9106-4720-86B0-0DE70C2A77AD}.Debug|Any CPU.ActiveCfg = Debug|Any CPU
		{3DAE246F-9106-4720-86B0-0DE70C2A77AD}.Debug|Any CPU.Build.0 = Debug|Any CPU
		{3DAE246F-9106-4720-86B0-0DE70C2A77AD}.Release|Any CPU.ActiveCfg = Debug|Any CPU
		{3DAE246F-9106-4720-86B0-0DE70C2A77AD}.Release|Any CPU.Build.0 = Debug|Any CPU
	EndGlobalSection
	GlobalSection(SolutionProperties) = preSolution
		HideSolutionNode = FALSE
	EndGlobalSection
	GlobalSection(NestedProjects) = preSolution
		{0EC62123-D33D-426F-900C-83F44F22322D} = {0728D29F-3A28-423A-9508-1CF415D28234}
		{C46C2B60-B1FB-4EE0-BCCC-396E3B003E56} = {0728D29F-3A28-423A-9508-1CF415D28234}
	EndGlobalSection
	GlobalSection(ExtensibilityGlobals) = postSolution
		SolutionGuid = {ECEB0615-217A-4AFE-B633-FBAD205E7E5E}
	EndGlobalSection
EndGlobal
